
Microsoft Visual Studio Solution File, Format Version 12.00
# Visual Studio 15
VisualStudioVersion = 15.0.27428.2037
MinimumVisualStudioVersion = 10.0.40219.1
Project("{2150E333-8FDC-42A3-9474-1A3956D46DE8}") = "Common", "Common", "{F1869734-0B06-4870-B942-EDFECB89E025}"
EndProject
Project("{2150E333-8FDC-42A3-9474-1A3956D46DE8}") = "Client", "Client", "{650A9D3B-6483-4B20-9CA1-183753F38962}"
EndProject
Project("{FAE04EC0-301F-11D3-BF4B-00C04F79EFBC}") = "ProductivityTools.PSFlickr.Application.Client", "src\Client\ProductivityTools.PSFlickr.ApplicationClient\ProductivityTools.PSFlickr.Application.Client.csproj", "{3EEBD62C-E69A-4E8E-92C0-9CD568A12C60}"
EndProject
Project("{FAE04EC0-301F-11D3-BF4B-00C04F79EFBC}") = "ProductivityTools.PSFlickr.PowershellModule", "src\Client\ProductivityTools.PSFlickr.PowershellModule\ProductivityTools.PSFlickr.PowershellModule.csproj", "{1AFA6604-C4B3-4E64-AECC-9CEF67A415B5}"
EndProject
Project("{FAE04EC0-301F-11D3-BF4B-00C04F79EFBC}") = "ProductivityTools.PSFlickr.Configuration", "src\Common\ProductivityTools.PSFlickr.Configuration\ProductivityTools.PSFlickr.Configuration.csproj", "{6A242000-E8B8-467A-82B1-005B6C77C4CA}"
EndProject
Project("{FAE04EC0-301F-11D3-BF4B-00C04F79EFBC}") = "ProductivityTools.PSFlickr.FlickrProxy", "FlickrProxy\ProductivityTools.PSFlickr.FlickrProxy.csproj", "{B443429A-FC0A-4CB1-81CE-8422DE7712FA}"
EndProject
Global
	GlobalSection(SolutionConfigurationPlatforms) = preSolution
		Debug|Any CPU = Debug|Any CPU
		Release|Any CPU = Release|Any CPU
	EndGlobalSection
	GlobalSection(ProjectConfigurationPlatforms) = postSolution
		{3EEBD62C-E69A-4E8E-92C0-9CD568A12C60}.Debug|Any CPU.ActiveCfg = Debug|Any CPU
		{3EEBD62C-E69A-4E8E-92C0-9CD568A12C60}.Debug|Any CPU.Build.0 = Debug|Any CPU
		{3EEBD62C-E69A-4E8E-92C0-9CD568A12C60}.Release|Any CPU.ActiveCfg = Release|Any CPU
		{3EEBD62C-E69A-4E8E-92C0-9CD568A12C60}.Release|Any CPU.Build.0 = Release|Any CPU
		{1AFA6604-C4B3-4E64-AECC-9CEF67A415B5}.Debug|Any CPU.ActiveCfg = Debug|Any CPU
		{1AFA6604-C4B3-4E64-AECC-9CEF67A415B5}.Debug|Any CPU.Build.0 = Debug|Any CPU
		{1AFA6604-C4B3-4E64-AECC-9CEF67A415B5}.Release|Any CPU.ActiveCfg = Release|Any CPU
		{1AFA6604-C4B3-4E64-AECC-9CEF67A415B5}.Release|Any CPU.Build.0 = Release|Any CPU
		{6A242000-E8B8-467A-82B1-005B6C77C4CA}.Debug|Any CPU.ActiveCfg = Debug|Any CPU
		{6A242000-E8B8-467A-82B1-005B6C77C4CA}.Debug|Any CPU.Build.0 = Debug|Any CPU
		{6A242000-E8B8-467A-82B1-005B6C77C4CA}.Release|Any CPU.ActiveCfg = Release|Any CPU
		{6A242000-E8B8-467A-82B1-005B6C77C4CA}.Release|Any CPU.Build.0 = Release|Any CPU
		{B443429A-FC0A-4CB1-81CE-8422DE7712FA}.Debug|Any CPU.ActiveCfg = Debug|Any CPU
		{B443429A-FC0A-4CB1-81CE-8422DE7712FA}.Debug|Any CPU.Build.0 = Debug|Any CPU
		{B443429A-FC0A-4CB1-81CE-8422DE7712FA}.Release|Any CPU.ActiveCfg = Release|Any CPU
		{B443429A-FC0A-4CB1-81CE-8422DE7712FA}.Release|Any CPU.Build.0 = Release|Any CPU
	EndGlobalSection
	GlobalSection(SolutionProperties) = preSolution
		HideSolutionNode = FALSE
	EndGlobalSection
	GlobalSection(NestedProjects) = preSolution
		{3EEBD62C-E69A-4E8E-92C0-9CD568A12C60} = {650A9D3B-6483-4B20-9CA1-183753F38962}
		{1AFA6604-C4B3-4E64-AECC-9CEF67A415B5} = {650A9D3B-6483-4B20-9CA1-183753F38962}
		{6A242000-E8B8-467A-82B1-005B6C77C4CA} = {F1869734-0B06-4870-B942-EDFECB89E025}
		{B443429A-FC0A-4CB1-81CE-8422DE7712FA} = {650A9D3B-6483-4B20-9CA1-183753F38962}
	EndGlobalSection
	GlobalSection(ExtensibilityGlobals) = postSolution
		SolutionGuid = {E29764BA-982E-498A-9029-636594702DBD}
	EndGlobalSection
EndGlobal
